
Microsoft Visual Studio Solution File, Format Version 12.00
# Visual Studio 15
Project("{FAE04EC0-301F-11D3-BF4B-00C04F79EFBC}") = "Assembly-CSharp", "Assembly-CSharp.csproj", "{0F1A9982-09D0-F6E1-59E4-17798334BB13}"
EndProject
Project("{FAE04EC0-301F-11D3-BF4B-00C04F79EFBC}") = "Assembly-CSharp-Editor", "Assembly-CSharp-Editor.csproj", "{59B91F4B-9ADA-4518-4CB9-546F2B75CABC}"
EndProject
Global
	GlobalSection(SolutionConfigurationPlatforms) = preSolution
		Debug|Any CPU = Debug|Any CPU
		Release|Any CPU = Release|Any CPU
	EndGlobalSection
	GlobalSection(ProjectConfigurationPlatforms) = postSolution
		{0F1A9982-09D0-F6E1-59E4-17798334BB13}.Debug|Any CPU.ActiveCfg = Debug|Any CPU
		{0F1A9982-09D0-F6E1-59E4-17798334BB13}.Debug|Any CPU.Build.0 = Debug|Any CPU
		{0F1A9982-09D0-F6E1-59E4-17798334BB13}.Release|Any CPU.ActiveCfg = Release|Any CPU
		{0F1A9982-09D0-F6E1-59E4-17798334BB13}.Release|Any CPU.Build.0 = Release|Any CPU
		{59B91F4B-9ADA-4518-4CB9-546F2B75CABC}.Debug|Any CPU.ActiveCfg = Debug|Any CPU
		{59B91F4B-9ADA-4518-4CB9-546F2B75CABC}.Debug|Any CPU.Build.0 = Debug|Any CPU
		{59B91F4B-9ADA-4518-4CB9-546F2B75CABC}.Release|Any CPU.ActiveCfg = Release|Any CPU
		{59B91F4B-9ADA-4518-4CB9-546F2B75CABC}.Release|Any CPU.Build.0 = Release|Any CPU
	EndGlobalSection
	GlobalSection(SolutionProperties) = preSolution
		HideSolutionNode = FALSE
	EndGlobalSection
EndGlobal
